// !$*UTF8*$!
{
	archiveVersion = 1;
	classes = {
	};
	objectVersion = 55;
	objects = {

/* Begin PBXBuildFile section */
		72BEE1A32EAB6714005DCA7F /* Assets.xcassets in Resources */ = {isa = PBXBuildFile; fileRef = 72BEE1A02EAB6714005DCA7F /* Assets.xcassets */; };
		72BEE1A42EAB6714005DCA7F /* ChicknSpookApp.swift in Sources */ = {isa = PBXBuildFile; fileRef = 72BEE1A12EAB6714005DCA7F /* ChicknSpookApp.swift */; };
		72BEE1AA2EAB6731005DCA7F /* Color+Extensions.swift in Sources */ = {isa = PBXBuildFile; fileRef = 72BEE1A72EAB6731005DCA7F /* Color+Extensions.swift */; };
		72BEE1AB2EAB6731005DCA7F /* ShapeStyle+Extensions.swift in Sources */ = {isa = PBXBuildFile; fileRef = 72BEE1A82EAB6731005DCA7F /* ShapeStyle+Extensions.swift */; };
		72BEE1AC2EAB6731005DCA7F /* View+Extensions.swift in Sources */ = {isa = PBXBuildFile; fileRef = 72BEE1A62EAB6731005DCA7F /* View+Extensions.swift */; };
		72BEE1B22EAB6737005DCA7F /* CSHomeWebView.swift in Sources */ = {isa = PBXBuildFile; fileRef = 72BEE1AD2EAB6737005DCA7F /* CSHomeWebView.swift */; };
		72BEE1B32EAB6737005DCA7F /* CSLaunchView.swift in Sources */ = {isa = PBXBuildFile; fileRef = 72BEE1AF2EAB6737005DCA7F /* CSLaunchView.swift */; };
		B2FABB0605B2E294BED8B583 /* Pods_ChicknSpook.framework in Frameworks */ = {isa = PBXBuildFile; fileRef = 1CB581A3422E094325A2D149 /* Pods_ChicknSpook.framework */; };
/* End PBXBuildFile section */

/* Begin PBXFileReference section */
		1CB581A3422E094325A2D149 /* Pods_ChicknSpook.framework */ = {isa = PBXFileReference; explicitFileType = wrapper.framework; includeInIndex = 0; path = Pods_ChicknSpook.framework; sourceTree = BUILT_PRODUCTS_DIR; };
		60BA875429D356E87F36D2B6 /* Pods-ChicknSpook.debug.xcconfig */ = {isa = PBXFileReference; includeInIndex = 1; lastKnownFileType = text.xcconfig; name = "Pods-ChicknSpook.debug.xcconfig"; path = "Target Support Files/Pods-ChicknSpook/Pods-ChicknSpook.debug.xcconfig"; sourceTree = "<group>"; };
		72BEE1912EAB6703005DCA7F /* ChicknSpook.app */ = {isa = PBXFileReference; explicitFileType = wrapper.application; includeInIndex = 0; path = ChicknSpook.app; sourceTree = BUILT_PRODUCTS_DIR; };
		72BEE1A02EAB6714005DCA7F /* Assets.xcassets */ = {isa = PBXFileReference; lastKnownFileType = folder.assetcatalog; path = Assets.xcassets; sourceTree = "<group>"; };
		72BEE1A12EAB6714005DCA7F /* ChicknSpookApp.swift */ = {isa = PBXFileReference; lastKnownFileType = sourcecode.swift; path = ChicknSpookApp.swift; sourceTree = "<group>"; };
		72BEE1A62EAB6731005DCA7F /* View+Extensions.swift */ = {isa = PBXFileReference; lastKnownFileType = sourcecode.swift; path = "View+Extensions.swift"; sourceTree = "<group>"; };
		72BEE1A72EAB6731005DCA7F /* Color+Extensions.swift */ = {isa = PBXFileReference; lastKnownFileType = sourcecode.swift; path = "Color+Extensions.swift"; sourceTree = "<group>"; };
		72BEE1A82EAB6731005DCA7F /* ShapeStyle+Extensions.swift */ = {isa = PBXFileReference; lastKnownFileType = sourcecode.swift; path = "ShapeStyle+Extensions.swift"; sourceTree = "<group>"; };
		72BEE1AD2EAB6737005DCA7F /* CSHomeWebView.swift */ = {isa = PBXFileReference; lastKnownFileType = sourcecode.swift; path = CSHomeWebView.swift; sourceTree = "<group>"; };
		72BEE1AF2EAB6737005DCA7F /* CSLaunchView.swift */ = {isa = PBXFileReference; lastKnownFileType = sourcecode.swift; path = CSLaunchView.swift; sourceTree = "<group>"; };
		72BEE1B42EAB67D3005DCA7F /* Info.plist */ = {isa = PBXFileReference; lastKnownFileType = text.plist; path = Info.plist; sourceTree = "<group>"; };
		C9898838D15E0A8EB95B0712 /* Pods-ChicknSpook.release.xcconfig */ = {isa = PBXFileReference; includeInIndex = 1; lastKnownFileType = text.xcconfig; name = "Pods-ChicknSpook.release.xcconfig"; path = "Target Support Files/Pods-ChicknSpook/Pods-ChicknSpook.release.xcconfig"; sourceTree = "<group>"; };
/* End PBXFileReference section */

/* Begin PBXFrameworksBuildPhase section */
		72BEE18E2EAB6703005DCA7F /* Frameworks */ = {
			isa = PBXFrameworksBuildPhase;
			buildActionMask = 2147483647;
			files = (
				B2FABB0605B2E294BED8B583 /* Pods_ChicknSpook.framework in Frameworks */,
			);
			runOnlyForDeploymentPostprocessing = 0;
		};
/* End PBXFrameworksBuildPhase section */

/* Begin PBXGroup section */
		39487AB88ACF03EFB80510D4 /* Pods */ = {
			isa = PBXGroup;
			children = (
				60BA875429D356E87F36D2B6 /* Pods-ChicknSpook.debug.xcconfig */,
				C9898838D15E0A8EB95B0712 /* Pods-ChicknSpook.release.xcconfig */,
			);
			name = Pods;
			path = Pods;
			sourceTree = "<group>";
		};
		408EEF64A1E7534AC6150782 /* Frameworks */ = {
			isa = PBXGroup;
			children = (
				1CB581A3422E094325A2D149 /* Pods_ChicknSpook.framework */,
			);
			name = Frameworks;
			sourceTree = "<group>";
		};
		72BEE1882EAB6703005DCA7F = {
			isa = PBXGroup;
			children = (
				72BEE1A22EAB6714005DCA7F /* ChicknSpook */,
				72BEE1922EAB6703005DCA7F /* Products */,
				39487AB88ACF03EFB80510D4 /* Pods */,
				408EEF64A1E7534AC6150782 /* Frameworks */,
			);
			sourceTree = "<group>";
		};
		72BEE1922EAB6703005DCA7F /* Products */ = {
			isa = PBXGroup;
			children = (
				72BEE1912EAB6703005DCA7F /* ChicknSpook.app */,
			);
			name = Products;
			sourceTree = "<group>";
		};
		72BEE1A22EAB6714005DCA7F /* ChicknSpook */ = {
			isa = PBXGroup;
			children = (
				72BEE1B42EAB67D3005DCA7F /* Info.plist */,
				72BEE1B12EAB6737005DCA7F /* Screens */,
				72BEE1A92EAB6731005DCA7F /* Extensions */,
				72BEE1A52EAB6716005DCA7F /* App */,
				72BEE1A02EAB6714005DCA7F /* Assets.xcassets */,
			);
			path = ChicknSpook;
			sourceTree = "<group>";
		};
		72BEE1A52EAB6716005DCA7F /* App */ = {
			isa = PBXGroup;
			children = (
				72BEE1A12EAB6714005DCA7F /* ChicknSpookApp.swift */,
			);
			path = App;
			sourceTree = "<group>";
		};
		72BEE1A92EAB6731005DCA7F /* Extensions */ = {
			isa = PBXGroup;
			children = (
				72BEE1A62EAB6731005DCA7F /* View+Extensions.swift */,
				72BEE1A72EAB6731005DCA7F /* Color+Extensions.swift */,
				72BEE1A82EAB6731005DCA7F /* ShapeStyle+Extensions.swift */,
			);
			path = Extensions;
			sourceTree = "<group>";
		};
		72BEE1AE2EAB6737005DCA7F /* HomeWebScreen */ = {
			isa = PBXGroup;
			children = (
				72BEE1AD2EAB6737005DCA7F /* CSHomeWebView.swift */,
			);
			path = HomeWebScreen;
			sourceTree = "<group>";
		};
		72BEE1B02EAB6737005DCA7F /* LaunchScreen */ = {
			isa = PBXGroup;
			children = (
				72BEE1AF2EAB6737005DCA7F /* CSLaunchView.swift */,
			);
			path = LaunchScreen;
			sourceTree = "<group>";
		};
		72BEE1B12EAB6737005DCA7F /* Screens */ = {
			isa = PBXGroup;
			children = (
				72BEE1AE2EAB6737005DCA7F /* HomeWebScreen */,
				72BEE1B02EAB6737005DCA7F /* LaunchScreen */,
			);
			path = Screens;
			sourceTree = "<group>";
		};
/* End PBXGroup section */

/* Begin PBXNativeTarget section */
		72BEE1902EAB6703005DCA7F /* ChicknSpook */ = {
			isa = PBXNativeTarget;
			buildConfigurationList = 72BEE19D2EAB6705005DCA7F /* Build configuration list for PBXNativeTarget "ChicknSpook" */;
			buildPhases = (
				ECD2DF15FB3EF7DE6FB2ABF3 /* [CP] Check Pods Manifest.lock */,
				72BEE18D2EAB6703005DCA7F /* Sources */,
				72BEE18E2EAB6703005DCA7F /* Frameworks */,
				72BEE18F2EAB6703005DCA7F /* Resources */,
			);
			buildRules = (
			);
			dependencies = (
			);
			name = ChicknSpook;
			productName = ChicknSpook;
			productReference = 72BEE1912EAB6703005DCA7F /* ChicknSpook.app */;
			productType = "com.apple.product-type.application";
		};
/* End PBXNativeTarget section */

/* Begin PBXProject section */
		72BEE1892EAB6703005DCA7F /* Project object */ = {
			isa = PBXProject;
			attributes = {
				BuildIndependentTargetsInParallel = 1;
				LastSwiftUpdateCheck = 1630;
				LastUpgradeCheck = 1630;
				TargetAttributes = {
					72BEE1902EAB6703005DCA7F = {
						CreatedOnToolsVersion = 16.3;
					};
				};
			};
			buildConfigurationList = 72BEE18C2EAB6703005DCA7F /* Build configuration list for PBXProject "ChicknSpook" */;
			developmentRegion = en;
			hasScannedForEncodings = 0;
			knownRegions = (
				en,
				Base,
			);
			mainGroup = 72BEE1882EAB6703005DCA7F;
			minimizedProjectReferenceProxies = 1;
			preferredProjectObjectVersion = 55;
			productRefGroup = 72BEE1922EAB6703005DCA7F /* Products */;
			projectDirPath = "";
			projectRoot = "";
			targets = (
				72BEE1902EAB6703005DCA7F /* ChicknSpook */,
			);
		};
/* End PBXProject section */

/* Begin PBXResourcesBuildPhase section */
		72BEE18F2EAB6703005DCA7F /* Resources */ = {
			isa = PBXResourcesBuildPhase;
			buildActionMask = 2147483647;
			files = (
				72BEE1A32EAB6714005DCA7F /* Assets.xcassets in Resources */,
			);
			runOnlyForDeploymentPostprocessing = 0;
		};
/* End PBXResourcesBuildPhase section */

/* Begin PBXShellScriptBuildPhase section */
		ECD2DF15FB3EF7DE6FB2ABF3 /* [CP] Check Pods Manifest.lock */ = {
			isa = PBXShellScriptBuildPhase;
			buildActionMask = 2147483647;
			files = (
			);
			inputFileListPaths = (
			);
			inputPaths = (
				"${PODS_PODFILE_DIR_PATH}/Podfile.lock",
				"${PODS_ROOT}/Manifest.lock",
			);
			name = "[CP] Check Pods Manifest.lock";
			outputFileListPaths = (
			);
			outputPaths = (
				"$(DERIVED_FILE_DIR)/Pods-ChicknSpook-checkManifestLockResult.txt",
			);
			runOnlyForDeploymentPostprocessing = 0;
			shellPath = /bin/sh;
			shellScript = "diff \"${PODS_PODFILE_DIR_PATH}/Podfile.lock\" \"${PODS_ROOT}/Manifest.lock\" > /dev/null\nif [ $? != 0 ] ; then\n    # print error to STDERR\n    echo \"error: The sandbox is not in sync with the Podfile.lock. Run 'pod install' or update your CocoaPods installation.\" >&2\n    exit 1\nfi\n# This output is used by Xcode 'outputs' to avoid re-running this script phase.\necho \"SUCCESS\" > \"${SCRIPT_OUTPUT_FILE_0}\"\n";
			showEnvVarsInLog = 0;
		};
/* End PBXShellScriptBuildPhase section */

/* Begin PBXSourcesBuildPhase section */
		72BEE18D2EAB6703005DCA7F /* Sources */ = {
			isa = PBXSourcesBuildPhase;
			buildActionMask = 2147483647;
			files = (
				72BEE1AA2EAB6731005DCA7F /* Color+Extensions.swift in Sources */,
				72BEE1AB2EAB6731005DCA7F /* ShapeStyle+Extensions.swift in Sources */,
				72BEE1AC2EAB6731005DCA7F /* View+Extensions.swift in Sources */,
				72BEE1A42EAB6714005DCA7F /* ChicknSpookApp.swift in Sources */,
				72BEE1B22EAB6737005DCA7F /* CSHomeWebView.swift in Sources */,
				72BEE1B32EAB6737005DCA7F /* CSLaunchView.swift in Sources */,
			);
			runOnlyForDeploymentPostprocessing = 0;
		};
/* End PBXSourcesBuildPhase section */

/* Begin XCBuildConfiguration section */
		72BEE19B2EAB6705005DCA7F /* Debug */ = {
			isa = XCBuildConfiguration;
			buildSettings = {
				ALWAYS_SEARCH_USER_PATHS = NO;
				ASSETCATALOG_COMPILER_GENERATE_SWIFT_ASSET_SYMBOL_EXTENSIONS = YES;
				CLANG_ANALYZER_NONNULL = YES;
				CLANG_ANALYZER_NUMBER_OBJECT_CONVERSION = YES_AGGRESSIVE;
				CLANG_CXX_LANGUAGE_STANDARD = "gnu++20";
				CLANG_ENABLE_MODULES = YES;
				CLANG_ENABLE_OBJC_ARC = YES;
				CLANG_ENABLE_OBJC_WEAK = YES;
				CLANG_WARN_BLOCK_CAPTURE_AUTORELEASING = YES;
				CLANG_WARN_BOOL_CONVERSION = YES;
				CLANG_WARN_COMMA = YES;
				CLANG_WARN_CONSTANT_CONVERSION = YES;
				CLANG_WARN_DEPRECATED_OBJC_IMPLEMENTATIONS = YES;
				CLANG_WARN_DIRECT_OBJC_ISA_USAGE = YES_ERROR;
				CLANG_WARN_DOCUMENTATION_COMMENTS = YES;
				CLANG_WARN_EMPTY_BODY = YES;
				CLANG_WARN_ENUM_CONVERSION = YES;
				CLANG_WARN_INFINITE_RECURSION = YES;
				CLANG_WARN_INT_CONVERSION = YES;
				CLANG_WARN_NON_LITERAL_NULL_CONVERSION = YES;
				CLANG_WARN_OBJC_IMPLICIT_RETAIN_SELF = YES;
				CLANG_WARN_OBJC_LITERAL_CONVERSION = YES;
				CLANG_WARN_OBJC_ROOT_CLASS = YES_ERROR;
				CLANG_WARN_QUOTED_INCLUDE_IN_FRAMEWORK_HEADER = YES;
				CLANG_WARN_RANGE_LOOP_ANALYSIS = YES;
				CLANG_WARN_STRICT_PROTOTYPES = YES;
				CLANG_WARN_SUSPICIOUS_MOVE = YES;
				CLANG_WARN_UNGUARDED_AVAILABILITY = YES_AGGRESSIVE;
				CLANG_WARN_UNREACHABLE_CODE = YES;
				CLANG_WARN__DUPLICATE_METHOD_MATCH = YES;
				COPY_PHASE_STRIP = NO;
				DEBUG_INFORMATION_FORMAT = dwarf;
				ENABLE_STRICT_OBJC_MSGSEND = YES;
				ENABLE_TESTABILITY = YES;
				ENABLE_USER_SCRIPT_SANDBOXING = YES;
				GCC_C_LANGUAGE_STANDARD = gnu17;
				GCC_DYNAMIC_NO_PIC = NO;
				GCC_NO_COMMON_BLOCKS = YES;
				GCC_OPTIMIZATION_LEVEL = 0;
				GCC_PREPROCESSOR_DEFINITIONS = (
					"DEBUG=1",
					"$(inherited)",
				);
				GCC_WARN_64_TO_32_BIT_CONVERSION = YES;
				GCC_WARN_ABOUT_RETURN_TYPE = YES_ERROR;
				GCC_WARN_UNDECLARED_SELECTOR = YES;
				GCC_WARN_UNINITIALIZED_AUTOS = YES_AGGRESSIVE;
				GCC_WARN_UNUSED_FUNCTION = YES;
				GCC_WARN_UNUSED_VARIABLE = YES;
				LOCALIZATION_PREFERS_STRING_CATALOGS = YES;
				MTL_ENABLE_DEBUG_INFO = INCLUDE_SOURCE;
				MTL_FAST_MATH = YES;
				ONLY_ACTIVE_ARCH = YES;
				SWIFT_ACTIVE_COMPILATION_CONDITIONS = "DEBUG $(inherited)";
				SWIFT_OPTIMIZATION_LEVEL = "-Onone";
			};
			name = Debug;
		};
		72BEE19C2EAB6705005DCA7F /* Release */ = {
			isa = XCBuildConfiguration;
			buildSettings = {
				ALWAYS_SEARCH_USER_PATHS = NO;
				ASSETCATALOG_COMPILER_GENERATE_SWIFT_ASSET_SYMBOL_EXTENSIONS = YES;
				CLANG_ANALYZER_NONNULL = YES;
				CLANG_ANALYZER_NUMBER_OBJECT_CONVERSION = YES_AGGRESSIVE;
				CLANG_CXX_LANGUAGE_STANDARD = "gnu++20";
				CLANG_ENABLE_MODULES = YES;
				CLANG_ENABLE_OBJC_ARC = YES;
				CLANG_ENABLE_OBJC_WEAK = YES;
				CLANG_WARN_BLOCK_CAPTURE_AUTORELEASING = YES;
				CLANG_WARN_BOOL_CONVERSION = YES;
				CLANG_WARN_COMMA = YES;
				CLANG_WARN_CONSTANT_CONVERSION = YES;
				CLANG_WARN_DEPRECATED_OBJC_IMPLEMENTATIONS = YES;
				CLANG_WARN_DIRECT_OBJC_ISA_USAGE = YES_ERROR;
				CLANG_WARN_DOCUMENTATION_COMMENTS = YES;
				CLANG_WARN_EMPTY_BODY = YES;
				CLANG_WARN_ENUM_CONVERSION = YES;
				CLANG_WARN_INFINITE_RECURSION = YES;
				CLANG_WARN_INT_CONVERSION = YES;
				CLANG_WARN_NON_LITERAL_NULL_CONVERSION = YES;
				CLANG_WARN_OBJC_IMPLICIT_RETAIN_SELF = YES;
				CLANG_WARN_OBJC_LITERAL_CONVERSION = YES;
				CLANG_WARN_OBJC_ROOT_CLASS = YES_ERROR;
				CLANG_WARN_QUOTED_INCLUDE_IN_FRAMEWORK_HEADER = YES;
				CLANG_WARN_RANGE_LOOP_ANALYSIS = YES;
				CLANG_WARN_STRICT_PROTOTYPES = YES;
				CLANG_WARN_SUSPICIOUS_MOVE = YES;
				CLANG_WARN_UNGUARDED_AVAILABILITY = YES_AGGRESSIVE;
				CLANG_WARN_UNREACHABLE_CODE = YES;
				CLANG_WARN__DUPLICATE_METHOD_MATCH = YES;
				COPY_PHASE_STRIP = NO;
				DEBUG_INFORMATION_FORMAT = "dwarf-with-dsym";
				ENABLE_NS_ASSERTIONS = NO;
				ENABLE_STRICT_OBJC_MSGSEND = YES;
				ENABLE_USER_SCRIPT_SANDBOXING = YES;
				GCC_C_LANGUAGE_STANDARD = gnu17;
				GCC_NO_COMMON_BLOCKS = YES;
				GCC_WARN_64_TO_32_BIT_CONVERSION = YES;
				GCC_WARN_ABOUT_RETURN_TYPE = YES_ERROR;
				GCC_WARN_UNDECLARED_SELECTOR = YES;
				GCC_WARN_UNINITIALIZED_AUTOS = YES_AGGRESSIVE;
				GCC_WARN_UNUSED_FUNCTION = YES;
				GCC_WARN_UNUSED_VARIABLE = YES;
				LOCALIZATION_PREFERS_STRING_CATALOGS = YES;
				MTL_ENABLE_DEBUG_INFO = NO;
				MTL_FAST_MATH = YES;
				SWIFT_COMPILATION_MODE = wholemodule;
			};
			name = Release;
		};
		72BEE19E2EAB6705005DCA7F /* Debug */ = {
			isa = XCBuildConfiguration;
			baseConfigurationReference = 60BA875429D356E87F36D2B6 /* Pods-ChicknSpook.debug.xcconfig */;
			buildSettings = {
				ASSETCATALOG_COMPILER_APPICON_NAME = AppIcon;
				ASSETCATALOG_COMPILER_GLOBAL_ACCENT_COLOR_NAME = AccentColor;
				CODE_SIGN_STYLE = Automatic;
				CURRENT_PROJECT_VERSION = 1;
				DEVELOPMENT_TEAM = 99Y7AUQG6Y;
				ENABLE_PREVIEWS = YES;
				GENERATE_INFOPLIST_FILE = YES;
				INFOPLIST_FILE = ChicknSpook/Info.plist;
				INFOPLIST_KEY_CFBundleDisplayName = "Chick'n'Spook";
				"INFOPLIST_KEY_UIApplicationSceneManifest_Generation[sdk=iphoneos*]" = YES;
				"INFOPLIST_KEY_UIApplicationSceneManifest_Generation[sdk=iphonesimulator*]" = YES;
				"INFOPLIST_KEY_UIApplicationSupportsIndirectInputEvents[sdk=iphoneos*]" = YES;
				"INFOPLIST_KEY_UIApplicationSupportsIndirectInputEvents[sdk=iphonesimulator*]" = YES;
				"INFOPLIST_KEY_UILaunchScreen_Generation[sdk=iphoneos*]" = YES;
				"INFOPLIST_KEY_UILaunchScreen_Generation[sdk=iphonesimulator*]" = YES;
				"INFOPLIST_KEY_UIStatusBarStyle[sdk=iphoneos*]" = UIStatusBarStyleDefault;
				"INFOPLIST_KEY_UIStatusBarStyle[sdk=iphonesimulator*]" = UIStatusBarStyleDefault;
				INFOPLIST_KEY_UISupportedInterfaceOrientations = UIInterfaceOrientationPortrait;
				INFOPLIST_KEY_UISupportedInterfaceOrientations_iPad = "UIInterfaceOrientationLandscapeLeft UIInterfaceOrientationLandscapeRight UIInterfaceOrientationPortrait UIInterfaceOrientationPortraitUpsideDown";
				IPHONEOS_DEPLOYMENT_TARGET = 15.0;
				LD_RUNPATH_SEARCH_PATHS = "@executable_path/Frameworks";
				"LD_RUNPATH_SEARCH_PATHS[sdk=macosx*]" = "@executable_path/../Frameworks";
				MACOSX_DEPLOYMENT_TARGET = 15.4;
				MARKETING_VERSION = 1.0;
				PRODUCT_BUNDLE_IDENTIFIER = com.chicknspook.app;
				PRODUCT_NAME = "$(TARGET_NAME)";
				REGISTER_APP_GROUPS = YES;
				SDKROOT = auto;
				SUPPORTED_PLATFORMS = "iphoneos iphonesimulator";
				SUPPORTS_MACCATALYST = NO;
				SWIFT_EMIT_LOC_STRINGS = YES;
				SWIFT_VERSION = 5.0;
				TARGETED_DEVICE_FAMILY = 1;
				XROS_DEPLOYMENT_TARGET = 2.4;
			};
			name = Debug;
		};
		72BEE19F2EAB6705005DCA7F /* Release */ = {
			isa = XCBuildConfiguration;
			baseConfigurationReference = C9898838D15E0A8EB95B0712 /* Pods-ChicknSpook.release.xcconfig */;
			buildSettings = {
				ASSETCATALOG_COMPILER_APPICON_NAME = AppIcon;
				ASSETCATALOG_COMPILER_GLOBAL_ACCENT_COLOR_NAME = AccentColor;
				CODE_SIGN_STYLE = Automatic;
				CURRENT_PROJECT_VERSION = 1;
				DEVELOPMENT_TEAM = 99Y7AUQG6Y;
				ENABLE_PREVIEWS = YES;
				GENERATE_INFOPLIST_FILE = YES;
				INFOPLIST_FILE = ChicknSpook/Info.plist;
				INFOPLIST_KEY_CFBundleDisplayName = "Chick'n'Spook";
				"INFOPLIST_KEY_UIApplicationSceneManifest_Generation[sdk=iphoneos*]" = YES;
				"INFOPLIST_KEY_UIApplicationSceneManifest_Generation[sdk=iphonesimulator*]" = YES;
				"INFOPLIST_KEY_UIApplicationSupportsIndirectInputEvents[sdk=iphoneos*]" = YES;
				"INFOPLIST_KEY_UIApplicationSupportsIndirectInputEvents[sdk=iphonesimulator*]" = YES;
				"INFOPLIST_KEY_UILaunchScreen_Generation[sdk=iphoneos*]" = YES;
				"INFOPLIST_KEY_UILaunchScreen_Generation[sdk=iphonesimulator*]" = YES;
				"INFOPLIST_KEY_UIStatusBarStyle[sdk=iphoneos*]" = UIStatusBarStyleDefault;
				"INFOPLIST_KEY_UIStatusBarStyle[sdk=iphonesimulator*]" = UIStatusBarStyleDefault;
				INFOPLIST_KEY_UISupportedInterfaceOrientations = UIInterfaceOrientationPortrait;
				INFOPLIST_KEY_UISupportedInterfaceOrientations_iPad = "UIInterfaceOrientationLandscapeLeft UIInterfaceOrientationLandscapeRight UIInterfaceOrientationPortrait UIInterfaceOrientationPortraitUpsideDown";
				IPHONEOS_DEPLOYMENT_TARGET = 15.0;
				LD_RUNPATH_SEARCH_PATHS = "@executable_path/Frameworks";
				"LD_RUNPATH_SEARCH_PATHS[sdk=macosx*]" = "@executable_path/../Frameworks";
				MACOSX_DEPLOYMENT_TARGET = 15.4;
				MARKETING_VERSION = 1.0;
				PRODUCT_BUNDLE_IDENTIFIER = com.chicknspook.app;
				PRODUCT_NAME = "$(TARGET_NAME)";
				REGISTER_APP_GROUPS = YES;
				SDKROOT = auto;
				SUPPORTED_PLATFORMS = "iphoneos iphonesimulator";
				SUPPORTS_MACCATALYST = NO;
				SWIFT_EMIT_LOC_STRINGS = YES;
				SWIFT_VERSION = 5.0;
				TARGETED_DEVICE_FAMILY = 1;
				XROS_DEPLOYMENT_TARGET = 2.4;
			};
			name = Release;
		};
/* End XCBuildConfiguration section */

/* Begin XCConfigurationList section */
		72BEE18C2EAB6703005DCA7F /* Build configuration list for PBXProject "ChicknSpook" */ = {
			isa = XCConfigurationList;
			buildConfigurations = (
				72BEE19B2EAB6705005DCA7F /* Debug */,
				72BEE19C2EAB6705005DCA7F /* Release */,
			);
			defaultConfigurationIsVisible = 0;
			defaultConfigurationName = Release;
		};
		72BEE19D2EAB6705005DCA7F /* Build configuration list for PBXNativeTarget "ChicknSpook" */ = {
			isa = XCConfigurationList;
			buildConfigurations = (
				72BEE19E2EAB6705005DCA7F /* Debug */,
				72BEE19F2EAB6705005DCA7F /* Release */,
			);
			defaultConfigurationIsVisible = 0;
			defaultConfigurationName = Release;
		};
/* End XCConfigurationList section */
	};
	rootObject = 72BEE1892EAB6703005DCA7F /* Project object */;
}
